// !$*UTF8*$!
{
	archiveVersion = 1;
	classes = {
	};
	objectVersion = 50;
	objects = {

/* Begin PBXBuildFile section */
		3AA4A25425CB241B001BC5CA /* AppDelegate.swift in Sources */ = {isa = PBXBuildFile; fileRef = 3AA4A25325CB241B001BC5CA /* AppDelegate.swift */; };
		3AA4A25625CB241B001BC5CA /* SceneDelegate.swift in Sources */ = {isa = PBXBuildFile; fileRef = 3AA4A25525CB241B001BC5CA /* SceneDelegate.swift */; };
		3AA4A25825CB241B001BC5CA /* ViewController.swift in Sources */ = {isa = PBXBuildFile; fileRef = 3AA4A25725CB241B001BC5CA /* ViewController.swift */; };
		3AA4A25B25CB241B001BC5CA /* Main.storyboard in Resources */ = {isa = PBXBuildFile; fileRef = 3AA4A25925CB241B001BC5CA /* Main.storyboard */; };
		3AA4A25D25CB2420001BC5CA /* Assets.xcassets in Resources */ = {isa = PBXBuildFile; fileRef = 3AA4A25C25CB2420001BC5CA /* Assets.xcassets */; };
		3AA4A26025CB2420001BC5CA /* LaunchScreen.storyboard in Resources */ = {isa = PBXBuildFile; fileRef = 3AA4A25E25CB2420001BC5CA /* LaunchScreen.storyboard */; };
		3AA4A26B25CB2421001BC5CA /* LazyDemoTests.swift in Sources */ = {isa = PBXBuildFile; fileRef = 3AA4A26A25CB2421001BC5CA /* LazyDemoTests.swift */; };
		3AA4A27625CB2421001BC5CA /* LazyDemoUITests.swift in Sources */ = {isa = PBXBuildFile; fileRef = 3AA4A27525CB2421001BC5CA /* LazyDemoUITests.swift */; };
/* End PBXBuildFile section */

/* Begin PBXContainerItemProxy section */
		3AA4A26725CB2421001BC5CA /* PBXContainerItemProxy */ = {
			isa = PBXContainerItemProxy;
			containerPortal = 3AA4A24825CB241B001BC5CA /* Project object */;
			proxyType = 1;
			remoteGlobalIDString = 3AA4A24F25CB241B001BC5CA;
			remoteInfo = LazyDemo;
		};
		3AA4A27225CB2421001BC5CA /* PBXContainerItemProxy */ = {
			isa = PBXContainerItemProxy;
			containerPortal = 3AA4A24825CB241B001BC5CA /* Project object */;
			proxyType = 1;
			remoteGlobalIDString = 3AA4A24F25CB241B001BC5CA;
			remoteInfo = LazyDemo;
		};
/* End PBXContainerItemProxy section */

/* Begin PBXFileReference section */
		3AA4A25025CB241B001BC5CA /* LazyDemo.app */ = {isa = PBXFileReference; explicitFileType = wrapper.application; includeInIndex = 0; path = LazyDemo.app; sourceTree = BUILT_PRODUCTS_DIR; };
		3AA4A25325CB241B001BC5CA /* AppDelegate.swift */ = {isa = PBXFileReference; lastKnownFileType = sourcecode.swift; path = AppDelegate.swift; sourceTree = "<group>"; };
		3AA4A25525CB241B001BC5CA /* SceneDelegate.swift */ = {isa = PBXFileReference; lastKnownFileType = sourcecode.swift; path = SceneDelegate.swift; sourceTree = "<group>"; };
		3AA4A25725CB241B001BC5CA /* ViewController.swift */ = {isa = PBXFileReference; lastKnownFileType = sourcecode.swift; path = ViewController.swift; sourceTree = "<group>"; };
		3AA4A25A25CB241B001BC5CA /* Base */ = {isa = PBXFileReference; lastKnownFileType = file.storyboard; name = Base; path = Base.lproj/Main.storyboard; sourceTree = "<group>"; };
		3AA4A25C25CB2420001BC5CA /* Assets.xcassets */ = {isa = PBXFileReference; lastKnownFileType = folder.assetcatalog; path = Assets.xcassets; sourceTree = "<group>"; };
		3AA4A25F25CB2420001BC5CA /* Base */ = {isa = PBXFileReference; lastKnownFileType = file.storyboard; name = Base; path = Base.lproj/LaunchScreen.storyboard; sourceTree = "<group>"; };
		3AA4A26125CB2420001BC5CA /* Info.plist */ = {isa = PBXFileReference; lastKnownFileType = text.plist.xml; path = Info.plist; sourceTree = "<group>"; };
		3AA4A26625CB2421001BC5CA /* LazyDemoTests.xctest */ = {isa = PBXFileReference; explicitFileType = wrapper.cfbundle; includeInIndex = 0; path = LazyDemoTests.xctest; sourceTree = BUILT_PRODUCTS_DIR; };
		3AA4A26A25CB2421001BC5CA /* LazyDemoTests.swift */ = {isa = PBXFileReference; lastKnownFileType = sourcecode.swift; path = LazyDemoTests.swift; sourceTree = "<group>"; };
		3AA4A26C25CB2421001BC5CA /* Info.plist */ = {isa = PBXFileReference; lastKnownFileType = text.plist.xml; path = Info.plist; sourceTree = "<group>"; };
		3AA4A27125CB2421001BC5CA /* LazyDemoUITests.xctest */ = {isa = PBXFileReference; explicitFileType = wrapper.cfbundle; includeInIndex = 0; path = LazyDemoUITests.xctest; sourceTree = BUILT_PRODUCTS_DIR; };
		3AA4A27525CB2421001BC5CA /* LazyDemoUITests.swift */ = {isa = PBXFileReference; lastKnownFileType = sourcecode.swift; path = LazyDemoUITests.swift; sourceTree = "<group>"; };
		3AA4A27725CB2421001BC5CA /* Info.plist */ = {isa = PBXFileReference; lastKnownFileType = text.plist.xml; path = Info.plist; sourceTree = "<group>"; };
/* End PBXFileReference section */

/* Begin PBXFrameworksBuildPhase section */
		3AA4A24D25CB241B001BC5CA /* Frameworks */ = {
			isa = PBXFrameworksBuildPhase;
			buildActionMask = 2147483647;
			files = (
			);
			runOnlyForDeploymentPostprocessing = 0;
		};
		3AA4A26325CB2421001BC5CA /* Frameworks */ = {
			isa = PBXFrameworksBuildPhase;
			buildActionMask = 2147483647;
			files = (
			);
			runOnlyForDeploymentPostprocessing = 0;
		};
		3AA4A26E25CB2421001BC5CA /* Frameworks */ = {
			isa = PBXFrameworksBuildPhase;
			buildActionMask = 2147483647;
			files = (
			);
			runOnlyForDeploymentPostprocessing = 0;
		};
/* End PBXFrameworksBuildPhase section */

/* Begin PBXGroup section */
		3AA4A24725CB241B001BC5CA = {
			isa = PBXGroup;
			children = (
				3AA4A25225CB241B001BC5CA /* LazyDemo */,
				3AA4A26925CB2421001BC5CA /* LazyDemoTests */,
				3AA4A27425CB2421001BC5CA /* LazyDemoUITests */,
				3AA4A25125CB241B001BC5CA /* Products */,
			);
			sourceTree = "<group>";
		};
		3AA4A25125CB241B001BC5CA /* Products */ = {
			isa = PBXGroup;
			children = (
				3AA4A25025CB241B001BC5CA /* LazyDemo.app */,
				3AA4A26625CB2421001BC5CA /* LazyDemoTests.xctest */,
				3AA4A27125CB2421001BC5CA /* LazyDemoUITests.xctest */,
			);
			name = Products;
			sourceTree = "<group>";
		};
		3AA4A25225CB241B001BC5CA /* LazyDemo */ = {
			isa = PBXGroup;
			children = (
				3AA4A25325CB241B001BC5CA /* AppDelegate.swift */,
				3AA4A25525CB241B001BC5CA /* SceneDelegate.swift */,
				3AA4A25725CB241B001BC5CA /* ViewController.swift */,
				3AA4A25925CB241B001BC5CA /* Main.storyboard */,
				3AA4A25C25CB2420001BC5CA /* Assets.xcassets */,
				3AA4A25E25CB2420001BC5CA /* LaunchScreen.storyboard */,
				3AA4A26125CB2420001BC5CA /* Info.plist */,
			);
			path = LazyDemo;
			sourceTree = "<group>";
		};
		3AA4A26925CB2421001BC5CA /* LazyDemoTests */ = {
			isa = PBXGroup;
			children = (
				3AA4A26A25CB2421001BC5CA /* LazyDemoTests.swift */,
				3AA4A26C25CB2421001BC5CA /* Info.plist */,
			);
			path = LazyDemoTests;
			sourceTree = "<group>";
		};
		3AA4A27425CB2421001BC5CA /* LazyDemoUITests */ = {
			isa = PBXGroup;
			children = (
				3AA4A27525CB2421001BC5CA /* LazyDemoUITests.swift */,
				3AA4A27725CB2421001BC5CA /* Info.plist */,
			);
			path = LazyDemoUITests;
			sourceTree = "<group>";
		};
/* End PBXGroup section */

/* Begin PBXNativeTarget section */
		3AA4A24F25CB241B001BC5CA /* LazyDemo */ = {
			isa = PBXNativeTarget;
			buildConfigurationList = 3AA4A27A25CB2421001BC5CA /* Build configuration list for PBXNativeTarget "LazyDemo" */;
			buildPhases = (
				3AA4A24C25CB241B001BC5CA /* Sources */,
				3AA4A24D25CB241B001BC5CA /* Frameworks */,
				3AA4A24E25CB241B001BC5CA /* Resources */,
			);
			buildRules = (
			);
			dependencies = (
			);
			name = LazyDemo;
			productName = LazyDemo;
			productReference = 3AA4A25025CB241B001BC5CA /* LazyDemo.app */;
			productType = "com.apple.product-type.application";
		};
		3AA4A26525CB2421001BC5CA /* LazyDemoTests */ = {
			isa = PBXNativeTarget;
			buildConfigurationList = 3AA4A27D25CB2421001BC5CA /* Build configuration list for PBXNativeTarget "LazyDemoTests" */;
			buildPhases = (
				3AA4A26225CB2421001BC5CA /* Sources */,
				3AA4A26325CB2421001BC5CA /* Frameworks */,
				3AA4A26425CB2421001BC5CA /* Resources */,
			);
			buildRules = (
			);
			dependencies = (
				3AA4A26825CB2421001BC5CA /* PBXTargetDependency */,
			);
			name = LazyDemoTests;
			productName = LazyDemoTests;
			productReference = 3AA4A26625CB2421001BC5CA /* LazyDemoTests.xctest */;
			productType = "com.apple.product-type.bundle.unit-test";
		};
		3AA4A27025CB2421001BC5CA /* LazyDemoUITests */ = {
			isa = PBXNativeTarget;
			buildConfigurationList = 3AA4A28025CB2421001BC5CA /* Build configuration list for PBXNativeTarget "LazyDemoUITests" */;
			buildPhases = (
				3AA4A26D25CB2421001BC5CA /* Sources */,
				3AA4A26E25CB2421001BC5CA /* Frameworks */,
				3AA4A26F25CB2421001BC5CA /* Resources */,
			);
			buildRules = (
			);
			dependencies = (
				3AA4A27325CB2421001BC5CA /* PBXTargetDependency */,
			);
			name = LazyDemoUITests;
			productName = LazyDemoUITests;
			productReference = 3AA4A27125CB2421001BC5CA /* LazyDemoUITests.xctest */;
			productType = "com.apple.product-type.bundle.ui-testing";
		};
/* End PBXNativeTarget section */

/* Begin PBXProject section */
		3AA4A24825CB241B001BC5CA /* Project object */ = {
			isa = PBXProject;
			attributes = {
				LastSwiftUpdateCheck = 1230;
				LastUpgradeCheck = 1230;
				TargetAttributes = {
					3AA4A24F25CB241B001BC5CA = {
						CreatedOnToolsVersion = 12.3;
					};
					3AA4A26525CB2421001BC5CA = {
						CreatedOnToolsVersion = 12.3;
						TestTargetID = 3AA4A24F25CB241B001BC5CA;
					};
					3AA4A27025CB2421001BC5CA = {
						CreatedOnToolsVersion = 12.3;
						TestTargetID = 3AA4A24F25CB241B001BC5CA;
					};
				};
			};
			buildConfigurationList = 3AA4A24B25CB241B001BC5CA /* Build configuration list for PBXProject "LazyDemo" */;
			compatibilityVersion = "Xcode 9.3";
			developmentRegion = en;
			hasScannedForEncodings = 0;
			knownRegions = (
				en,
				Base,
			);
			mainGroup = 3AA4A24725CB241B001BC5CA;
			productRefGroup = 3AA4A25125CB241B001BC5CA /* Products */;
			projectDirPath = "";
			projectRoot = "";
			targets = (
				3AA4A24F25CB241B001BC5CA /* LazyDemo */,
				3AA4A26525CB2421001BC5CA /* LazyDemoTests */,
				3AA4A27025CB2421001BC5CA /* LazyDemoUITests */,
			);
		};
/* End PBXProject section */

/* Begin PBXResourcesBuildPhase section */
		3AA4A24E25CB241B001BC5CA /* Resources */ = {
			isa = PBXResourcesBuildPhase;
			buildActionMask = 2147483647;
			files = (
				3AA4A26025CB2420001BC5CA /* LaunchScreen.storyboard in Resources */,
				3AA4A25D25CB2420001BC5CA /* Assets.xcassets in Resources */,
				3AA4A25B25CB241B001BC5CA /* Main.storyboard in Resources */,
			);
			runOnlyForDeploymentPostprocessing = 0;
		};
		3AA4A26425CB2421001BC5CA /* Resources */ = {
			isa = PBXResourcesBuildPhase;
			buildActionMask = 2147483647;
			files = (
			);
			runOnlyForDeploymentPostprocessing = 0;
		};
		3AA4A26F25CB2421001BC5CA /* Resources */ = {
			isa = PBXResourcesBuildPhase;
			buildActionMask = 2147483647;
			files = (
			);
			runOnlyForDeploymentPostprocessing = 0;
		};
/* End PBXResourcesBuildPhase section */

/* Begin PBXSourcesBuildPhase section */
		3AA4A24C25CB241B001BC5CA /* Sources */ = {
			isa = PBXSourcesBuildPhase;
			buildActionMask = 2147483647;
			files = (
				3AA4A25825CB241B001BC5CA /* ViewController.swift in Sources */,
				3AA4A25425CB241B001BC5CA /* AppDelegate.swift in Sources */,
				3AA4A25625CB241B001BC5CA /* SceneDelegate.swift in Sources */,
			);
			runOnlyForDeploymentPostprocessing = 0;
		};
		3AA4A26225CB2421001BC5CA /* Sources */ = {
			isa = PBXSourcesBuildPhase;
			buildActionMask = 2147483647;
			files = (
				3AA4A26B25CB2421001BC5CA /* LazyDemoTests.swift in Sources */,
			);
			runOnlyForDeploymentPostprocessing = 0;
		};
		3AA4A26D25CB2421001BC5CA /* Sources */ = {
			isa = PBXSourcesBuildPhase;
			buildActionMask = 2147483647;
			files = (
				3AA4A27625CB2421001BC5CA /* LazyDemoUITests.swift in Sources */,
			);
			runOnlyForDeploymentPostprocessing = 0;
		};
/* End PBXSourcesBuildPhase section */

/* Begin PBXTargetDependency section */
		3AA4A26825CB2421001BC5CA /* PBXTargetDependency */ = {
			isa = PBXTargetDependency;
			target = 3AA4A24F25CB241B001BC5CA /* LazyDemo */;
			targetProxy = 3AA4A26725CB2421001BC5CA /* PBXContainerItemProxy */;
		};
		3AA4A27325CB2421001BC5CA /* PBXTargetDependency */ = {
			isa = PBXTargetDependency;
			target = 3AA4A24F25CB241B001BC5CA /* LazyDemo */;
			targetProxy = 3AA4A27225CB2421001BC5CA /* PBXContainerItemProxy */;
		};
/* End PBXTargetDependency section */

/* Begin PBXVariantGroup section */
		3AA4A25925CB241B001BC5CA /* Main.storyboard */ = {
			isa = PBXVariantGroup;
			children = (
				3AA4A25A25CB241B001BC5CA /* Base */,
			);
			name = Main.storyboard;
			sourceTree = "<group>";
		};
		3AA4A25E25CB2420001BC5CA /* LaunchScreen.storyboard */ = {
			isa = PBXVariantGroup;
			children = (
				3AA4A25F25CB2420001BC5CA /* Base */,
			);
			name = LaunchScreen.storyboard;
			sourceTree = "<group>";
		};
/* End PBXVariantGroup section */

/* Begin XCBuildConfiguration section */
		3AA4A27825CB2421001BC5CA /* Debug */ = {
			isa = XCBuildConfiguration;
			buildSettings = {
				ALWAYS_SEARCH_USER_PATHS = NO;
				CLANG_ANALYZER_NONNULL = YES;
				CLANG_ANALYZER_NUMBER_OBJECT_CONVERSION = YES_AGGRESSIVE;
				CLANG_CXX_LANGUAGE_STANDARD = "gnu++14";
				CLANG_CXX_LIBRARY = "libc++";
				CLANG_ENABLE_MODULES = YES;
				CLANG_ENABLE_OBJC_ARC = YES;
				CLANG_ENABLE_OBJC_WEAK = YES;
				CLANG_WARN_BLOCK_CAPTURE_AUTORELEASING = YES;
				CLANG_WARN_BOOL_CONVERSION = YES;
				CLANG_WARN_COMMA = YES;
				CLANG_WARN_CONSTANT_CONVERSION = YES;
				CLANG_WARN_DEPRECATED_OBJC_IMPLEMENTATIONS = YES;
				CLANG_WARN_DIRECT_OBJC_ISA_USAGE = YES_ERROR;
				CLANG_WARN_DOCUMENTATION_COMMENTS = YES;
				CLANG_WARN_EMPTY_BODY = YES;
				CLANG_WARN_ENUM_CONVERSION = YES;
				CLANG_WARN_INFINITE_RECURSION = YES;
				CLANG_WARN_INT_CONVERSION = YES;
				CLANG_WARN_NON_LITERAL_NULL_CONVERSION = YES;
				CLANG_WARN_OBJC_IMPLICIT_RETAIN_SELF = YES;
				CLANG_WARN_OBJC_LITERAL_CONVERSION = YES;
				CLANG_WARN_OBJC_ROOT_CLASS = YES_ERROR;
				CLANG_WARN_QUOTED_INCLUDE_IN_FRAMEWORK_HEADER = YES;
				CLANG_WARN_RANGE_LOOP_ANALYSIS = YES;
				CLANG_WARN_STRICT_PROTOTYPES = YES;
				CLANG_WARN_SUSPICIOUS_MOVE = YES;
				CLANG_WARN_UNGUARDED_AVAILABILITY = YES_AGGRESSIVE;
				CLANG_WARN_UNREACHABLE_CODE = YES;
				CLANG_WARN__DUPLICATE_METHOD_MATCH = YES;
				COPY_PHASE_STRIP = NO;
				DEBUG_INFORMATION_FORMAT = dwarf;
				ENABLE_STRICT_OBJC_MSGSEND = YES;
				ENABLE_TESTABILITY = YES;
				GCC_C_LANGUAGE_STANDARD = gnu11;
				GCC_DYNAMIC_NO_PIC = NO;
				GCC_NO_COMMON_BLOCKS = YES;
				GCC_OPTIMIZATION_LEVEL = 0;
				GCC_PREPROCESSOR_DEFINITIONS = (
					"DEBUG=1",
					"$(inherited)",
				);
				GCC_WARN_64_TO_32_BIT_CONVERSION = YES;
				GCC_WARN_ABOUT_RETURN_TYPE = YES_ERROR;
				GCC_WARN_UNDECLARED_SELECTOR = YES;
				GCC_WARN_UNINITIALIZED_AUTOS = YES_AGGRESSIVE;
				GCC_WARN_UNUSED_FUNCTION = YES;
				GCC_WARN_UNUSED_VARIABLE = YES;
				IPHONEOS_DEPLOYMENT_TARGET = 14.3;
				MTL_ENABLE_DEBUG_INFO = INCLUDE_SOURCE;
				MTL_FAST_MATH = YES;
				ONLY_ACTIVE_ARCH = YES;
				SDKROOT = iphoneos;
				SWIFT_ACTIVE_COMPILATION_CONDITIONS = DEBUG;
				SWIFT_OPTIMIZATION_LEVEL = "-Onone";
			};
			name = Debug;
		};
		3AA4A27925CB2421001BC5CA /* Release */ = {
			isa = XCBuildConfiguration;
			buildSettings = {
				ALWAYS_SEARCH_USER_PATHS = NO;
				CLANG_ANALYZER_NONNULL = YES;
				CLANG_ANALYZER_NUMBER_OBJECT_CONVERSION = YES_AGGRESSIVE;
				CLANG_CXX_LANGUAGE_STANDARD = "gnu++14";
				CLANG_CXX_LIBRARY = "libc++";
				CLANG_ENABLE_MODULES = YES;
				CLANG_ENABLE_OBJC_ARC = YES;
				CLANG_ENABLE_OBJC_WEAK = YES;
				CLANG_WARN_BLOCK_CAPTURE_AUTORELEASING = YES;
				CLANG_WARN_BOOL_CONVERSION = YES;
				CLANG_WARN_COMMA = YES;
				CLANG_WARN_CONSTANT_CONVERSION = YES;
				CLANG_WARN_DEPRECATED_OBJC_IMPLEMENTATIONS = YES;
				CLANG_WARN_DIRECT_OBJC_ISA_USAGE = YES_ERROR;
				CLANG_WARN_DOCUMENTATION_COMMENTS = YES;
				CLANG_WARN_EMPTY_BODY = YES;
				CLANG_WARN_ENUM_CONVERSION = YES;
				CLANG_WARN_INFINITE_RECURSION = YES;
				CLANG_WARN_INT_CONVERSION = YES;
				CLANG_WARN_NON_LITERAL_NULL_CONVERSION = YES;
				CLANG_WARN_OBJC_IMPLICIT_RETAIN_SELF = YES;
				CLANG_WARN_OBJC_LITERAL_CONVERSION = YES;
				CLANG_WARN_OBJC_ROOT_CLASS = YES_ERROR;
				CLANG_WARN_QUOTED_INCLUDE_IN_FRAMEWORK_HEADER = YES;
				CLANG_WARN_RANGE_LOOP_ANALYSIS = YES;
				CLANG_WARN_STRICT_PROTOTYPES = YES;
				CLANG_WARN_SUSPICIOUS_MOVE = YES;
				CLANG_WARN_UNGUARDED_AVAILABILITY = YES_AGGRESSIVE;
				CLANG_WARN_UNREACHABLE_CODE = YES;
				CLANG_WARN__DUPLICATE_METHOD_MATCH = YES;
				COPY_PHASE_STRIP = NO;
				DEBUG_INFORMATION_FORMAT = "dwarf-with-dsym";
				ENABLE_NS_ASSERTIONS = NO;
				ENABLE_STRICT_OBJC_MSGSEND = YES;
				GCC_C_LANGUAGE_STANDARD = gnu11;
				GCC_NO_COMMON_BLOCKS = YES;
				GCC_WARN_64_TO_32_BIT_CONVERSION = YES;
				GCC_WARN_ABOUT_RETURN_TYPE = YES_ERROR;
				GCC_WARN_UNDECLARED_SELECTOR = YES;
				GCC_WARN_UNINITIALIZED_AUTOS = YES_AGGRESSIVE;
				GCC_WARN_UNUSED_FUNCTION = YES;
				GCC_WARN_UNUSED_VARIABLE = YES;
				IPHONEOS_DEPLOYMENT_TARGET = 14.3;
				MTL_ENABLE_DEBUG_INFO = NO;
				MTL_FAST_MATH = YES;
				SDKROOT = iphoneos;
				SWIFT_COMPILATION_MODE = wholemodule;
				SWIFT_OPTIMIZATION_LEVEL = "-O";
				VALIDATE_PRODUCT = YES;
			};
			name = Release;
		};
		3AA4A27B25CB2421001BC5CA /* Debug */ = {
			isa = XCBuildConfiguration;
			buildSettings = {
				ASSETCATALOG_COMPILER_APPICON_NAME = AppIcon;
				ASSETCATALOG_COMPILER_GLOBAL_ACCENT_COLOR_NAME = AccentColor;
				CODE_SIGN_STYLE = Automatic;
				INFOPLIST_FILE = LazyDemo/Info.plist;
				LD_RUNPATH_SEARCH_PATHS = (
					"$(inherited)",
					"@executable_path/Frameworks",
				);
				PRODUCT_BUNDLE_IDENTIFIER = Demo.LazyDemo;
				PRODUCT_NAME = "$(TARGET_NAME)";
				SWIFT_VERSION = 5.0;
				TARGETED_DEVICE_FAMILY = "1,2";
			};
			name = Debug;
		};
		3AA4A27C25CB2421001BC5CA /* Release */ = {
			isa = XCBuildConfiguration;
			buildSettings = {
				ASSETCATALOG_COMPILER_APPICON_NAME = AppIcon;
				ASSETCATALOG_COMPILER_GLOBAL_ACCENT_COLOR_NAME = AccentColor;
				CODE_SIGN_STYLE = Automatic;
				INFOPLIST_FILE = LazyDemo/Info.plist;
				LD_RUNPATH_SEARCH_PATHS = (
					"$(inherited)",
					"@executable_path/Frameworks",
				);
				PRODUCT_BUNDLE_IDENTIFIER = Demo.LazyDemo;
				PRODUCT_NAME = "$(TARGET_NAME)";
				SWIFT_VERSION = 5.0;
				TARGETED_DEVICE_FAMILY = "1,2";
			};
			name = Release;
		};
		3AA4A27E25CB2421001BC5CA /* Debug */ = {
			isa = XCBuildConfiguration;
			buildSettings = {
				ALWAYS_EMBED_SWIFT_STANDARD_LIBRARIES = YES;
				BUNDLE_LOADER = "$(TEST_HOST)";
				CODE_SIGN_STYLE = Automatic;
				INFOPLIST_FILE = LazyDemoTests/Info.plist;
				IPHONEOS_DEPLOYMENT_TARGET = 14.3;
				LD_RUNPATH_SEARCH_PATHS = (
					"$(inherited)",
					"@executable_path/Frameworks",
					"@loader_path/Frameworks",
				);
				PRODUCT_BUNDLE_IDENTIFIER = Demo.LazyDemoTests;
				PRODUCT_NAME = "$(TARGET_NAME)";
				SWIFT_VERSION = 5.0;
				TARGETED_DEVICE_FAMILY = "1,2";
				TEST_HOST = "$(BUILT_PRODUCTS_DIR)/LazyDemo.app/LazyDemo";
			};
			name = Debug;
		};
		3AA4A27F25CB2421001BC5CA /* Release */ = {
			isa = XCBuildConfiguration;
			buildSettings = {
				ALWAYS_EMBED_SWIFT_STANDARD_LIBRARIES = YES;
				BUNDLE_LOADER = "$(TEST_HOST)";
				CODE_SIGN_STYLE = Automatic;
				INFOPLIST_FILE = LazyDemoTests/Info.plist;
				IPHONEOS_DEPLOYMENT_TARGET = 14.3;
				LD_RUNPATH_SEARCH_PATHS = (
					"$(inherited)",
					"@executable_path/Frameworks",
					"@loader_path/Frameworks",
				);
				PRODUCT_BUNDLE_IDENTIFIER = Demo.LazyDemoTests;
				PRODUCT_NAME = "$(TARGET_NAME)";
				SWIFT_VERSION = 5.0;
				TARGETED_DEVICE_FAMILY = "1,2";
				TEST_HOST = "$(BUILT_PRODUCTS_DIR)/LazyDemo.app/LazyDemo";
			};
			name = Release;
		};
		3AA4A28125CB2421001BC5CA /* Debug */ = {
			isa = XCBuildConfiguration;
			buildSettings = {
				ALWAYS_EMBED_SWIFT_STANDARD_LIBRARIES = YES;
				CODE_SIGN_STYLE = Automatic;
				INFOPLIST_FILE = LazyDemoUITests/Info.plist;
				LD_RUNPATH_SEARCH_PATHS = (
					"$(inherited)",
					"@executable_path/Frameworks",
					"@loader_path/Frameworks",
				);
				PRODUCT_BUNDLE_IDENTIFIER = Demo.LazyDemoUITests;
				PRODUCT_NAME = "$(TARGET_NAME)";
				SWIFT_VERSION = 5.0;
				TARGETED_DEVICE_FAMILY = "1,2";
				TEST_TARGET_NAME = LazyDemo;
			};
			name = Debug;
		};
		3AA4A28225CB2421001BC5CA /* Release */ = {
			isa = XCBuildConfiguration;
			buildSettings = {
				ALWAYS_EMBED_SWIFT_STANDARD_LIBRARIES = YES;
				CODE_SIGN_STYLE = Automatic;
				INFOPLIST_FILE = LazyDemoUITests/Info.plist;
				LD_RUNPATH_SEARCH_PATHS = (
					"$(inherited)",
					"@executable_path/Frameworks",
					"@loader_path/Frameworks",
				);
				PRODUCT_BUNDLE_IDENTIFIER = Demo.LazyDemoUITests;
				PRODUCT_NAME = "$(TARGET_NAME)";
				SWIFT_VERSION = 5.0;
				TARGETED_DEVICE_FAMILY = "1,2";
				TEST_TARGET_NAME = LazyDemo;
			};
			name = Release;
		};
/* End XCBuildConfiguration section */

/* Begin XCConfigurationList section */
		3AA4A24B25CB241B001BC5CA /* Build configuration list for PBXProject "LazyDemo" */ = {
			isa = XCConfigurationList;
			buildConfigurations = (
				3AA4A27825CB2421001BC5CA /* Debug */,
				3AA4A27925CB2421001BC5CA /* Release */,
			);
			defaultConfigurationIsVisible = 0;
			defaultConfigurationName = Release;
		};
		3AA4A27A25CB2421001BC5CA /* Build configuration list for PBXNativeTarget "LazyDemo" */ = {
			isa = XCConfigurationList;
			buildConfigurations = (
				3AA4A27B25CB2421001BC5CA /* Debug */,
				3AA4A27C25CB2421001BC5CA /* Release */,
			);
			defaultConfigurationIsVisible = 0;
			defaultConfigurationName = Release;
		};
		3AA4A27D25CB2421001BC5CA /* Build configuration list for PBXNativeTarget "LazyDemoTests" */ = {
			isa = XCConfigurationList;
			buildConfigurations = (
				3AA4A27E25CB2421001BC5CA /* Debug */,
				3AA4A27F25CB2421001BC5CA /* Release */,
			);
			defaultConfigurationIsVisible = 0;
			defaultConfigurationName = Release;
		};
		3AA4A28025CB2421001BC5CA /* Build configuration list for PBXNativeTarget "LazyDemoUITests" */ = {
			isa = XCConfigurationList;
			buildConfigurations = (
				3AA4A28125CB2421001BC5CA /* Debug */,
				3AA4A28225CB2421001BC5CA /* Release */,
			);
			defaultConfigurationIsVisible = 0;
			defaultConfigurationName = Release;
		};
/* End XCConfigurationList section */
	};
	rootObject = 3AA4A24825CB241B001BC5CA /* Project object */;
}
